dependencies:
- name: prometheus
  repository: https://kubernetes-charts.storage.googleapis.com/
  version: 11.7.0
- name: grafana
  repository: https://kubernetes-charts.storage.googleapis.com/
  version: 5.4.0
digest: sha256:2812268c5aa317d95a78aedec431cdce040df35cadc61b6b7c20bfa23c8f3722
generated: "2020-07-17T17:36:56.486778+07:00"
